
Microsoft Visual Studio Solution File, Format Version 12.00
# Visual Studio Version 17
VisualStudioVersion = 17.9.34728.123
MinimumVisualStudioVersion = 10.0.40219.1
Project("{FAE04EC0-301F-11D3-BF4B-00C04F79EFBC}") = "FitprojectAPI", "FitprojectAPI\FitprojectAPI.csproj", "{DBD53C8D-D1DD-4E07-A0C7-31441A193D2C}"
EndProject
Global
	GlobalSection(SolutionConfigurationPlatforms) = preSolution
		Debug|Any CPU = Debug|Any CPU
		Release|Any CPU = Release|Any CPU
	EndGlobalSection
	GlobalSection(ProjectConfigurationPlatforms) = postSolution
		{DBD53C8D-D1DD-4E07-A0C7-31441A193D2C}.Debug|Any CPU.ActiveCfg = Debug|Any CPU
		{DBD53C8D-D1DD-4E07-A0C7-31441A193D2C}.Debug|Any CPU.Build.0 = Debug|Any CPU
		{DBD53C8D-D1DD-4E07-A0C7-31441A193D2C}.Release|Any CPU.ActiveCfg = Release|Any CPU
		{DBD53C8D-D1DD-4E07-A0C7-31441A193D2C}.Release|Any CPU.Build.0 = Release|Any CPU
	EndGlobalSection
	GlobalSection(SolutionProperties) = preSolution
		HideSolutionNode = FALSE
	EndGlobalSection
	GlobalSection(ExtensibilityGlobals) = postSolution
		SolutionGuid = {DAD0C51F-FCD9-4790-8A23-D4AADFD98184}
	EndGlobalSection
EndGlobal
